
Microsoft Visual Studio Solution File, Format Version 12.00
# Visual Studio Version 17
VisualStudioVersion = 17.2.32526.322
MinimumVisualStudioVersion = 10.0.40219.1
Project("{888888A0-9F3D-457C-B088-3A5042F75D52}") = "Quiz_game", "Quiz_game.pyproj", "{17B5A1A6-B5CD-483E-8B34-724C60A07A0B}"
EndProject
Global
	GlobalSection(SolutionConfigurationPlatforms) = preSolution
		Debug|Any CPU = Debug|Any CPU
		Release|Any CPU = Release|Any CPU
	EndGlobalSection
	GlobalSection(ProjectConfigurationPlatforms) = postSolution
		{17B5A1A6-B5CD-483E-8B34-724C60A07A0B}.Debug|Any CPU.ActiveCfg = Debug|Any CPU
		{17B5A1A6-B5CD-483E-8B34-724C60A07A0B}.Release|Any CPU.ActiveCfg = Release|Any CPU
	EndGlobalSection
	GlobalSection(SolutionProperties) = preSolution
		HideSolutionNode = FALSE
	EndGlobalSection
	GlobalSection(ExtensibilityGlobals) = postSolution
		SolutionGuid = {95A15398-48C0-4362-921E-4C343E56237C}
	EndGlobalSection
EndGlobal
